// !$*UTF8*$!
{
	archiveVersion = 1;
	classes = {
	};
	objectVersion = 56;
	objects = {

/* Begin PBXBuildFile section */
		0B67A88B2BBA3C3D003A7D91 /* AfricaGameApp.swift in Sources */ = {isa = PBXBuildFile; fileRef = 0B67A88A2BBA3C3D003A7D91 /* AfricaGameApp.swift */; };
		0B67A88D2BBA3C3D003A7D91 /* ContentView.swift in Sources */ = {isa = PBXBuildFile; fileRef = 0B67A88C2BBA3C3D003A7D91 /* ContentView.swift */; };
		0B67A88F2BBA3C3D003A7D91 /* Game.swift in Sources */ = {isa = PBXBuildFile; fileRef = 0B67A88E2BBA3C3D003A7D91 /* Game.swift */; };
		0B67A8912BBA3C3F003A7D91 /* Assets.xcassets in Resources */ = {isa = PBXBuildFile; fileRef = 0B67A8902BBA3C3F003A7D91 /* Assets.xcassets */; };
		0B67A8942BBA3C3F003A7D91 /* Preview Assets.xcassets in Resources */ = {isa = PBXBuildFile; fileRef = 0B67A8932BBA3C3F003A7D91 /* Preview Assets.xcassets */; };
		0B67A89E2BBA3C3F003A7D91 /* AfricaGameTests.swift in Sources */ = {isa = PBXBuildFile; fileRef = 0B67A89D2BBA3C3F003A7D91 /* AfricaGameTests.swift */; };
		0B67A8A82BBA3C3F003A7D91 /* AfricaGameUITests.swift in Sources */ = {isa = PBXBuildFile; fileRef = 0B67A8A72BBA3C3F003A7D91 /* AfricaGameUITests.swift */; };
		0B67A8AA2BBA3C3F003A7D91 /* AfricaGameUITestsLaunchTests.swift in Sources */ = {isa = PBXBuildFile; fileRef = 0B67A8A92BBA3C3F003A7D91 /* AfricaGameUITestsLaunchTests.swift */; };
		0B67A9012BC17927003A7D91 /* Player.swift in Sources */ = {isa = PBXBuildFile; fileRef = 0B67A9002BC17927003A7D91 /* Player.swift */; };
		0B67A9032BC17959003A7D91 /* Team.swift in Sources */ = {isa = PBXBuildFile; fileRef = 0B67A9022BC17959003A7D91 /* Team.swift */; };
		0B67A9052BC17997003A7D91 /* Turn.swift in Sources */ = {isa = PBXBuildFile; fileRef = 0B67A9042BC17997003A7D91 /* Turn.swift */; };
		0B67A90A2BC17A6C003A7D91 /* AppState.swift in Sources */ = {isa = PBXBuildFile; fileRef = 0B67A9092BC17A6C003A7D91 /* AppState.swift */; };
		0B67A90C2BC17ABC003A7D91 /* DataContainer.swift in Sources */ = {isa = PBXBuildFile; fileRef = 0B67A90B2BC17ABC003A7D91 /* DataContainer.swift */; };
/* End PBXBuildFile section */

/* Begin PBXContainerItemProxy section */
		0B67A89A2BBA3C3F003A7D91 /* PBXContainerItemProxy */ = {
			isa = PBXContainerItemProxy;
			containerPortal = 0B67A87F2BBA3C3D003A7D91 /* Project object */;
			proxyType = 1;
			remoteGlobalIDString = 0B67A8862BBA3C3D003A7D91;
			remoteInfo = AfricaGame;
		};
		0B67A8A42BBA3C3F003A7D91 /* PBXContainerItemProxy */ = {
			isa = PBXContainerItemProxy;
			containerPortal = 0B67A87F2BBA3C3D003A7D91 /* Project object */;
			proxyType = 1;
			remoteGlobalIDString = 0B67A8862BBA3C3D003A7D91;
			remoteInfo = AfricaGame;
		};
/* End PBXContainerItemProxy section */

/* Begin PBXFileReference section */
		0B67A8872BBA3C3D003A7D91 /* AfricaGame.app */ = {isa = PBXFileReference; explicitFileType = wrapper.application; includeInIndex = 0; path = AfricaGame.app; sourceTree = BUILT_PRODUCTS_DIR; };
		0B67A88A2BBA3C3D003A7D91 /* AfricaGameApp.swift */ = {isa = PBXFileReference; lastKnownFileType = sourcecode.swift; path = AfricaGameApp.swift; sourceTree = "<group>"; };
		0B67A88C2BBA3C3D003A7D91 /* ContentView.swift */ = {isa = PBXFileReference; lastKnownFileType = sourcecode.swift; path = ContentView.swift; sourceTree = "<group>"; };
		0B67A88E2BBA3C3D003A7D91 /* Game.swift */ = {isa = PBXFileReference; lastKnownFileType = sourcecode.swift; path = Game.swift; sourceTree = "<group>"; };
		0B67A8902BBA3C3F003A7D91 /* Assets.xcassets */ = {isa = PBXFileReference; lastKnownFileType = folder.assetcatalog; path = Assets.xcassets; sourceTree = "<group>"; };
		0B67A8932BBA3C3F003A7D91 /* Preview Assets.xcassets */ = {isa = PBXFileReference; lastKnownFileType = folder.assetcatalog; path = "Preview Assets.xcassets"; sourceTree = "<group>"; };
		0B67A8992BBA3C3F003A7D91 /* AfricaGameTests.xctest */ = {isa = PBXFileReference; explicitFileType = wrapper.cfbundle; includeInIndex = 0; path = AfricaGameTests.xctest; sourceTree = BUILT_PRODUCTS_DIR; };
		0B67A89D2BBA3C3F003A7D91 /* AfricaGameTests.swift */ = {isa = PBXFileReference; lastKnownFileType = sourcecode.swift; path = AfricaGameTests.swift; sourceTree = "<group>"; };
		0B67A8A32BBA3C3F003A7D91 /* AfricaGameUITests.xctest */ = {isa = PBXFileReference; explicitFileType = wrapper.cfbundle; includeInIndex = 0; path = AfricaGameUITests.xctest; sourceTree = BUILT_PRODUCTS_DIR; };
		0B67A8A72BBA3C3F003A7D91 /* AfricaGameUITests.swift */ = {isa = PBXFileReference; lastKnownFileType = sourcecode.swift; path = AfricaGameUITests.swift; sourceTree = "<group>"; };
		0B67A8A92BBA3C3F003A7D91 /* AfricaGameUITestsLaunchTests.swift */ = {isa = PBXFileReference; lastKnownFileType = sourcecode.swift; path = AfricaGameUITestsLaunchTests.swift; sourceTree = "<group>"; };
		0B67A9002BC17927003A7D91 /* Player.swift */ = {isa = PBXFileReference; lastKnownFileType = sourcecode.swift; path = Player.swift; sourceTree = "<group>"; };
		0B67A9022BC17959003A7D91 /* Team.swift */ = {isa = PBXFileReference; lastKnownFileType = sourcecode.swift; path = Team.swift; sourceTree = "<group>"; };
		0B67A9042BC17997003A7D91 /* Turn.swift */ = {isa = PBXFileReference; lastKnownFileType = sourcecode.swift; path = Turn.swift; sourceTree = "<group>"; };
		0B67A9092BC17A6C003A7D91 /* AppState.swift */ = {isa = PBXFileReference; lastKnownFileType = sourcecode.swift; path = AppState.swift; sourceTree = "<group>"; };
		0B67A90B2BC17ABC003A7D91 /* DataContainer.swift */ = {isa = PBXFileReference; lastKnownFileType = sourcecode.swift; path = DataContainer.swift; sourceTree = "<group>"; };
/* End PBXFileReference section */

/* Begin PBXFrameworksBuildPhase section */
		0B67A8842BBA3C3D003A7D91 /* Frameworks */ = {
			isa = PBXFrameworksBuildPhase;
			buildActionMask = 2147483647;
			files = (
			);
			runOnlyForDeploymentPostprocessing = 0;
		};
		0B67A8962BBA3C3F003A7D91 /* Frameworks */ = {
			isa = PBXFrameworksBuildPhase;
			buildActionMask = 2147483647;
			files = (
			);
			runOnlyForDeploymentPostprocessing = 0;
		};
		0B67A8A02BBA3C3F003A7D91 /* Frameworks */ = {
			isa = PBXFrameworksBuildPhase;
			buildActionMask = 2147483647;
			files = (
			);
			runOnlyForDeploymentPostprocessing = 0;
		};
/* End PBXFrameworksBuildPhase section */

/* Begin PBXGroup section */
		0B67A87E2BBA3C3D003A7D91 = {
			isa = PBXGroup;
			children = (
				0B67A8892BBA3C3D003A7D91 /* AfricaGame */,
				0B67A89C2BBA3C3F003A7D91 /* AfricaGameTests */,
				0B67A8A62BBA3C3F003A7D91 /* AfricaGameUITests */,
				0B67A8882BBA3C3D003A7D91 /* Products */,
			);
			sourceTree = "<group>";
		};
		0B67A8882BBA3C3D003A7D91 /* Products */ = {
			isa = PBXGroup;
			children = (
				0B67A8872BBA3C3D003A7D91 /* AfricaGame.app */,
				0B67A8992BBA3C3F003A7D91 /* AfricaGameTests.xctest */,
				0B67A8A32BBA3C3F003A7D91 /* AfricaGameUITests.xctest */,
			);
			name = Products;
			sourceTree = "<group>";
		};
		0B67A8892BBA3C3D003A7D91 /* AfricaGame */ = {
			isa = PBXGroup;
			children = (
				0B67A9082BC17A4E003A7D91 /* Features */,
				0B67A8FF2BC17907003A7D91 /* Data */,
				0B67A9072BC17A2C003A7D91 /* Resources */,
				0B67A9062BC17A23003A7D91 /* Sources */,
				0B67A8922BBA3C3F003A7D91 /* Preview Content */,
			);
			path = AfricaGame;
			sourceTree = "<group>";
		};
		0B67A8922BBA3C3F003A7D91 /* Preview Content */ = {
			isa = PBXGroup;
			children = (
				0B67A8932BBA3C3F003A7D91 /* Preview Assets.xcassets */,
			);
			path = "Preview Content";
			sourceTree = "<group>";
		};
		0B67A89C2BBA3C3F003A7D91 /* AfricaGameTests */ = {
			isa = PBXGroup;
			children = (
				0B67A89D2BBA3C3F003A7D91 /* AfricaGameTests.swift */,
			);
			path = AfricaGameTests;
			sourceTree = "<group>";
		};
		0B67A8A62BBA3C3F003A7D91 /* AfricaGameUITests */ = {
			isa = PBXGroup;
			children = (
				0B67A8A72BBA3C3F003A7D91 /* AfricaGameUITests.swift */,
				0B67A8A92BBA3C3F003A7D91 /* AfricaGameUITestsLaunchTests.swift */,
			);
			path = AfricaGameUITests;
			sourceTree = "<group>";
		};
		0B67A8FF2BC17907003A7D91 /* Data */ = {
			isa = PBXGroup;
			children = (
				0B67A88E2BBA3C3D003A7D91 /* Game.swift */,
				0B67A9002BC17927003A7D91 /* Player.swift */,
				0B67A9022BC17959003A7D91 /* Team.swift */,
				0B67A9042BC17997003A7D91 /* Turn.swift */,
				0B67A90B2BC17ABC003A7D91 /* DataContainer.swift */,
			);
			path = Data;
			sourceTree = "<group>";
		};
		0B67A9062BC17A23003A7D91 /* Sources */ = {
			isa = PBXGroup;
			children = (
				0B67A88A2BBA3C3D003A7D91 /* AfricaGameApp.swift */,
				0B67A9092BC17A6C003A7D91 /* AppState.swift */,
			);
			path = Sources;
			sourceTree = "<group>";
		};
		0B67A9072BC17A2C003A7D91 /* Resources */ = {
			isa = PBXGroup;
			children = (
				0B67A8902BBA3C3F003A7D91 /* Assets.xcassets */,
			);
			path = Resources;
			sourceTree = "<group>";
		};
		0B67A9082BC17A4E003A7D91 /* Features */ = {
			isa = PBXGroup;
			children = (
				0B67A88C2BBA3C3D003A7D91 /* ContentView.swift */,
			);
			path = Features;
			sourceTree = "<group>";
		};
/* End PBXGroup section */

/* Begin PBXNativeTarget section */
		0B67A8862BBA3C3D003A7D91 /* AfricaGame */ = {
			isa = PBXNativeTarget;
			buildConfigurationList = 0B67A8AD2BBA3C3F003A7D91 /* Build configuration list for PBXNativeTarget "AfricaGame" */;
			buildPhases = (
				0B67A8832BBA3C3D003A7D91 /* Sources */,
				0B67A8842BBA3C3D003A7D91 /* Frameworks */,
				0B67A8852BBA3C3D003A7D91 /* Resources */,
			);
			buildRules = (
			);
			dependencies = (
			);
			name = AfricaGame;
			productName = AfricaGame;
			productReference = 0B67A8872BBA3C3D003A7D91 /* AfricaGame.app */;
			productType = "com.apple.product-type.application";
		};
		0B67A8982BBA3C3F003A7D91 /* AfricaGameTests */ = {
			isa = PBXNativeTarget;
			buildConfigurationList = 0B67A8B02BBA3C3F003A7D91 /* Build configuration list for PBXNativeTarget "AfricaGameTests" */;
			buildPhases = (
				0B67A8952BBA3C3F003A7D91 /* Sources */,
				0B67A8962BBA3C3F003A7D91 /* Frameworks */,
				0B67A8972BBA3C3F003A7D91 /* Resources */,
			);
			buildRules = (
			);
			dependencies = (
				0B67A89B2BBA3C3F003A7D91 /* PBXTargetDependency */,
			);
			name = AfricaGameTests;
			productName = AfricaGameTests;
			productReference = 0B67A8992BBA3C3F003A7D91 /* AfricaGameTests.xctest */;
			productType = "com.apple.product-type.bundle.unit-test";
		};
		0B67A8A22BBA3C3F003A7D91 /* AfricaGameUITests */ = {
			isa = PBXNativeTarget;
			buildConfigurationList = 0B67A8B32BBA3C3F003A7D91 /* Build configuration list for PBXNativeTarget "AfricaGameUITests" */;
			buildPhases = (
				0B67A89F2BBA3C3F003A7D91 /* Sources */,
				0B67A8A02BBA3C3F003A7D91 /* Frameworks */,
				0B67A8A12BBA3C3F003A7D91 /* Resources */,
			);
			buildRules = (
			);
			dependencies = (
				0B67A8A52BBA3C3F003A7D91 /* PBXTargetDependency */,
			);
			name = AfricaGameUITests;
			productName = AfricaGameUITests;
			productReference = 0B67A8A32BBA3C3F003A7D91 /* AfricaGameUITests.xctest */;
			productType = "com.apple.product-type.bundle.ui-testing";
		};
/* End PBXNativeTarget section */

/* Begin PBXProject section */
		0B67A87F2BBA3C3D003A7D91 /* Project object */ = {
			isa = PBXProject;
			attributes = {
				BuildIndependentTargetsInParallel = 1;
				LastSwiftUpdateCheck = 1500;
				LastUpgradeCheck = 1500;
				TargetAttributes = {
					0B67A8862BBA3C3D003A7D91 = {
						CreatedOnToolsVersion = 15.0;
					};
					0B67A8982BBA3C3F003A7D91 = {
						CreatedOnToolsVersion = 15.0;
						TestTargetID = 0B67A8862BBA3C3D003A7D91;
					};
					0B67A8A22BBA3C3F003A7D91 = {
						CreatedOnToolsVersion = 15.0;
						TestTargetID = 0B67A8862BBA3C3D003A7D91;
					};
				};
			};
			buildConfigurationList = 0B67A8822BBA3C3D003A7D91 /* Build configuration list for PBXProject "AfricaGame" */;
			compatibilityVersion = "Xcode 14.0";
			developmentRegion = en;
			hasScannedForEncodings = 0;
			knownRegions = (
				en,
				Base,
			);
			mainGroup = 0B67A87E2BBA3C3D003A7D91;
			productRefGroup = 0B67A8882BBA3C3D003A7D91 /* Products */;
			projectDirPath = "";
			projectRoot = "";
			targets = (
				0B67A8862BBA3C3D003A7D91 /* AfricaGame */,
				0B67A8982BBA3C3F003A7D91 /* AfricaGameTests */,
				0B67A8A22BBA3C3F003A7D91 /* AfricaGameUITests */,
			);
		};
/* End PBXProject section */

/* Begin PBXResourcesBuildPhase section */
		0B67A8852BBA3C3D003A7D91 /* Resources */ = {
			isa = PBXResourcesBuildPhase;
			buildActionMask = 2147483647;
			files = (
				0B67A8942BBA3C3F003A7D91 /* Preview Assets.xcassets in Resources */,
				0B67A8912BBA3C3F003A7D91 /* Assets.xcassets in Resources */,
			);
			runOnlyForDeploymentPostprocessing = 0;
		};
		0B67A8972BBA3C3F003A7D91 /* Resources */ = {
			isa = PBXResourcesBuildPhase;
			buildActionMask = 2147483647;
			files = (
			);
			runOnlyForDeploymentPostprocessing = 0;
		};
		0B67A8A12BBA3C3F003A7D91 /* Resources */ = {
			isa = PBXResourcesBuildPhase;
			buildActionMask = 2147483647;
			files = (
			);
			runOnlyForDeploymentPostprocessing = 0;
		};
/* End PBXResourcesBuildPhase section */

/* Begin PBXSourcesBuildPhase section */
		0B67A8832BBA3C3D003A7D91 /* Sources */ = {
			isa = PBXSourcesBuildPhase;
			buildActionMask = 2147483647;
			files = (
				0B67A9012BC17927003A7D91 /* Player.swift in Sources */,
				0B67A88D2BBA3C3D003A7D91 /* ContentView.swift in Sources */,
				0B67A90A2BC17A6C003A7D91 /* AppState.swift in Sources */,
				0B67A90C2BC17ABC003A7D91 /* DataContainer.swift in Sources */,
				0B67A88F2BBA3C3D003A7D91 /* Game.swift in Sources */,
				0B67A9032BC17959003A7D91 /* Team.swift in Sources */,
				0B67A9052BC17997003A7D91 /* Turn.swift in Sources */,
				0B67A88B2BBA3C3D003A7D91 /* AfricaGameApp.swift in Sources */,
			);
			runOnlyForDeploymentPostprocessing = 0;
		};
		0B67A8952BBA3C3F003A7D91 /* Sources */ = {
			isa = PBXSourcesBuildPhase;
			buildActionMask = 2147483647;
			files = (
				0B67A89E2BBA3C3F003A7D91 /* AfricaGameTests.swift in Sources */,
			);
			runOnlyForDeploymentPostprocessing = 0;
		};
		0B67A89F2BBA3C3F003A7D91 /* Sources */ = {
			isa = PBXSourcesBuildPhase;
			buildActionMask = 2147483647;
			files = (
				0B67A8AA2BBA3C3F003A7D91 /* AfricaGameUITestsLaunchTests.swift in Sources */,
				0B67A8A82BBA3C3F003A7D91 /* AfricaGameUITests.swift in Sources */,
			);
			runOnlyForDeploymentPostprocessing = 0;
		};
/* End PBXSourcesBuildPhase section */

/* Begin PBXTargetDependency section */
		0B67A89B2BBA3C3F003A7D91 /* PBXTargetDependency */ = {
			isa = PBXTargetDependency;
			target = 0B67A8862BBA3C3D003A7D91 /* AfricaGame */;
			targetProxy = 0B67A89A2BBA3C3F003A7D91 /* PBXContainerItemProxy */;
		};
		0B67A8A52BBA3C3F003A7D91 /* PBXTargetDependency */ = {
			isa = PBXTargetDependency;
			target = 0B67A8862BBA3C3D003A7D91 /* AfricaGame */;
			targetProxy = 0B67A8A42BBA3C3F003A7D91 /* PBXContainerItemProxy */;
		};
/* End PBXTargetDependency section */

/* Begin XCBuildConfiguration section */
		0B67A8AB2BBA3C3F003A7D91 /* Debug */ = {
			isa = XCBuildConfiguration;
			buildSettings = {
				ALWAYS_SEARCH_USER_PATHS = NO;
				ASSETCATALOG_COMPILER_GENERATE_SWIFT_ASSET_SYMBOL_EXTENSIONS = YES;
				CLANG_ANALYZER_NONNULL = YES;
				CLANG_ANALYZER_NUMBER_OBJECT_CONVERSION = YES_AGGRESSIVE;
				CLANG_CXX_LANGUAGE_STANDARD = "gnu++20";
				CLANG_ENABLE_MODULES = YES;
				CLANG_ENABLE_OBJC_ARC = YES;
				CLANG_ENABLE_OBJC_WEAK = YES;
				CLANG_WARN_BLOCK_CAPTURE_AUTORELEASING = YES;
				CLANG_WARN_BOOL_CONVERSION = YES;
				CLANG_WARN_COMMA = YES;
				CLANG_WARN_CONSTANT_CONVERSION = YES;
				CLANG_WARN_DEPRECATED_OBJC_IMPLEMENTATIONS = YES;
				CLANG_WARN_DIRECT_OBJC_ISA_USAGE = YES_ERROR;
				CLANG_WARN_DOCUMENTATION_COMMENTS = YES;
				CLANG_WARN_EMPTY_BODY = YES;
				CLANG_WARN_ENUM_CONVERSION = YES;
				CLANG_WARN_INFINITE_RECURSION = YES;
				CLANG_WARN_INT_CONVERSION = YES;
				CLANG_WARN_NON_LITERAL_NULL_CONVERSION = YES;
				CLANG_WARN_OBJC_IMPLICIT_RETAIN_SELF = YES;
				CLANG_WARN_OBJC_LITERAL_CONVERSION = YES;
				CLANG_WARN_OBJC_ROOT_CLASS = YES_ERROR;
				CLANG_WARN_QUOTED_INCLUDE_IN_FRAMEWORK_HEADER = YES;
				CLANG_WARN_RANGE_LOOP_ANALYSIS = YES;
				CLANG_WARN_STRICT_PROTOTYPES = YES;
				CLANG_WARN_SUSPICIOUS_MOVE = YES;
				CLANG_WARN_UNGUARDED_AVAILABILITY = YES_AGGRESSIVE;
				CLANG_WARN_UNREACHABLE_CODE = YES;
				CLANG_WARN__DUPLICATE_METHOD_MATCH = YES;
				COPY_PHASE_STRIP = NO;
				DEBUG_INFORMATION_FORMAT = dwarf;
				ENABLE_STRICT_OBJC_MSGSEND = YES;
				ENABLE_TESTABILITY = YES;
				ENABLE_USER_SCRIPT_SANDBOXING = YES;
				GCC_C_LANGUAGE_STANDARD = gnu17;
				GCC_DYNAMIC_NO_PIC = NO;
				GCC_NO_COMMON_BLOCKS = YES;
				GCC_OPTIMIZATION_LEVEL = 0;
				GCC_PREPROCESSOR_DEFINITIONS = (
					"DEBUG=1",
					"$(inherited)",
				);
				GCC_WARN_64_TO_32_BIT_CONVERSION = YES;
				GCC_WARN_ABOUT_RETURN_TYPE = YES_ERROR;
				GCC_WARN_UNDECLARED_SELECTOR = YES;
				GCC_WARN_UNINITIALIZED_AUTOS = YES_AGGRESSIVE;
				GCC_WARN_UNUSED_FUNCTION = YES;
				GCC_WARN_UNUSED_VARIABLE = YES;
				IPHONEOS_DEPLOYMENT_TARGET = 17.0;
				LOCALIZATION_PREFERS_STRING_CATALOGS = YES;
				MTL_ENABLE_DEBUG_INFO = INCLUDE_SOURCE;
				MTL_FAST_MATH = YES;
				ONLY_ACTIVE_ARCH = YES;
				SDKROOT = iphoneos;
				SWIFT_ACTIVE_COMPILATION_CONDITIONS = "DEBUG $(inherited)";
				SWIFT_OPTIMIZATION_LEVEL = "-Onone";
			};
			name = Debug;
		};
		0B67A8AC2BBA3C3F003A7D91 /* Release */ = {
			isa = XCBuildConfiguration;
			buildSettings = {
				ALWAYS_SEARCH_USER_PATHS = NO;
				ASSETCATALOG_COMPILER_GENERATE_SWIFT_ASSET_SYMBOL_EXTENSIONS = YES;
				CLANG_ANALYZER_NONNULL = YES;
				CLANG_ANALYZER_NUMBER_OBJECT_CONVERSION = YES_AGGRESSIVE;
				CLANG_CXX_LANGUAGE_STANDARD = "gnu++20";
				CLANG_ENABLE_MODULES = YES;
				CLANG_ENABLE_OBJC_ARC = YES;
				CLANG_ENABLE_OBJC_WEAK = YES;
				CLANG_WARN_BLOCK_CAPTURE_AUTORELEASING = YES;
				CLANG_WARN_BOOL_CONVERSION = YES;
				CLANG_WARN_COMMA = YES;
				CLANG_WARN_CONSTANT_CONVERSION = YES;
				CLANG_WARN_DEPRECATED_OBJC_IMPLEMENTATIONS = YES;
				CLANG_WARN_DIRECT_OBJC_ISA_USAGE = YES_ERROR;
				CLANG_WARN_DOCUMENTATION_COMMENTS = YES;
				CLANG_WARN_EMPTY_BODY = YES;
				CLANG_WARN_ENUM_CONVERSION = YES;
				CLANG_WARN_INFINITE_RECURSION = YES;
				CLANG_WARN_INT_CONVERSION = YES;
				CLANG_WARN_NON_LITERAL_NULL_CONVERSION = YES;
				CLANG_WARN_OBJC_IMPLICIT_RETAIN_SELF = YES;
				CLANG_WARN_OBJC_LITERAL_CONVERSION = YES;
				CLANG_WARN_OBJC_ROOT_CLASS = YES_ERROR;
				CLANG_WARN_QUOTED_INCLUDE_IN_FRAMEWORK_HEADER = YES;
				CLANG_WARN_RANGE_LOOP_ANALYSIS = YES;
				CLANG_WARN_STRICT_PROTOTYPES = YES;
				CLANG_WARN_SUSPICIOUS_MOVE = YES;
				CLANG_WARN_UNGUARDED_AVAILABILITY = YES_AGGRESSIVE;
				CLANG_WARN_UNREACHABLE_CODE = YES;
				CLANG_WARN__DUPLICATE_METHOD_MATCH = YES;
				COPY_PHASE_STRIP = NO;
				DEBUG_INFORMATION_FORMAT = "dwarf-with-dsym";
				ENABLE_NS_ASSERTIONS = NO;
				ENABLE_STRICT_OBJC_MSGSEND = YES;
				ENABLE_USER_SCRIPT_SANDBOXING = YES;
				GCC_C_LANGUAGE_STANDARD = gnu17;
				GCC_NO_COMMON_BLOCKS = YES;
				GCC_WARN_64_TO_32_BIT_CONVERSION = YES;
				GCC_WARN_ABOUT_RETURN_TYPE = YES_ERROR;
				GCC_WARN_UNDECLARED_SELECTOR = YES;
				GCC_WARN_UNINITIALIZED_AUTOS = YES_AGGRESSIVE;
				GCC_WARN_UNUSED_FUNCTION = YES;
				GCC_WARN_UNUSED_VARIABLE = YES;
				IPHONEOS_DEPLOYMENT_TARGET = 17.0;
				LOCALIZATION_PREFERS_STRING_CATALOGS = YES;
				MTL_ENABLE_DEBUG_INFO = NO;
				MTL_FAST_MATH = YES;
				SDKROOT = iphoneos;
				SWIFT_COMPILATION_MODE = wholemodule;
				VALIDATE_PRODUCT = YES;
			};
			name = Release;
		};
		0B67A8AE2BBA3C3F003A7D91 /* Debug */ = {
			isa = XCBuildConfiguration;
			buildSettings = {
				ASSETCATALOG_COMPILER_APPICON_NAME = AppIcon;
				ASSETCATALOG_COMPILER_GLOBAL_ACCENT_COLOR_NAME = AccentColor;
				CODE_SIGN_STYLE = Automatic;
				CURRENT_PROJECT_VERSION = 1;
				DEVELOPMENT_ASSET_PATHS = "\"AfricaGame/Preview Content\"";
				DEVELOPMENT_TEAM = 8U3U9YAKAC;
				ENABLE_PREVIEWS = YES;
				GENERATE_INFOPLIST_FILE = YES;
				INFOPLIST_KEY_UIApplicationSceneManifest_Generation = YES;
				INFOPLIST_KEY_UIApplicationSupportsIndirectInputEvents = YES;
				INFOPLIST_KEY_UILaunchScreen_Generation = YES;
				INFOPLIST_KEY_UISupportedInterfaceOrientations_iPad = "UIInterfaceOrientationPortrait UIInterfaceOrientationPortraitUpsideDown UIInterfaceOrientationLandscapeLeft UIInterfaceOrientationLandscapeRight";
				INFOPLIST_KEY_UISupportedInterfaceOrientations_iPhone = "UIInterfaceOrientationPortrait UIInterfaceOrientationLandscapeLeft UIInterfaceOrientationLandscapeRight";
				LD_RUNPATH_SEARCH_PATHS = (
					"$(inherited)",
					"@executable_path/Frameworks",
				);
				MARKETING_VERSION = 1.0;
				PRODUCT_BUNDLE_IDENTIFIER = com.br.fst.AfricaGame;
				PRODUCT_NAME = "$(TARGET_NAME)";
				SWIFT_EMIT_LOC_STRINGS = YES;
				SWIFT_VERSION = 5.0;
				TARGETED_DEVICE_FAMILY = "1,2";
			};
			name = Debug;
		};
		0B67A8AF2BBA3C3F003A7D91 /* Release */ = {
			isa = XCBuildConfiguration;
			buildSettings = {
				ASSETCATALOG_COMPILER_APPICON_NAME = AppIcon;
				ASSETCATALOG_COMPILER_GLOBAL_ACCENT_COLOR_NAME = AccentColor;
				CODE_SIGN_STYLE = Automatic;
				CURRENT_PROJECT_VERSION = 1;
				DEVELOPMENT_ASSET_PATHS = "\"AfricaGame/Preview Content\"";
				DEVELOPMENT_TEAM = 8U3U9YAKAC;
				ENABLE_PREVIEWS = YES;
				GENERATE_INFOPLIST_FILE = YES;
				INFOPLIST_KEY_UIApplicationSceneManifest_Generation = YES;
				INFOPLIST_KEY_UIApplicationSupportsIndirectInputEvents = YES;
				INFOPLIST_KEY_UILaunchScreen_Generation = YES;
				INFOPLIST_KEY_UISupportedInterfaceOrientations_iPad = "UIInterfaceOrientationPortrait UIInterfaceOrientationPortraitUpsideDown UIInterfaceOrientationLandscapeLeft UIInterfaceOrientationLandscapeRight";
				INFOPLIST_KEY_UISupportedInterfaceOrientations_iPhone = "UIInterfaceOrientationPortrait UIInterfaceOrientationLandscapeLeft UIInterfaceOrientationLandscapeRight";
				LD_RUNPATH_SEARCH_PATHS = (
					"$(inherited)",
					"@executable_path/Frameworks",
				);
				MARKETING_VERSION = 1.0;
				PRODUCT_BUNDLE_IDENTIFIER = com.br.fst.AfricaGame;
				PRODUCT_NAME = "$(TARGET_NAME)";
				SWIFT_EMIT_LOC_STRINGS = YES;
				SWIFT_VERSION = 5.0;
				TARGETED_DEVICE_FAMILY = "1,2";
			};
			name = Release;
		};
		0B67A8B12BBA3C3F003A7D91 /* Debug */ = {
			isa = XCBuildConfiguration;
			buildSettings = {
				ALWAYS_EMBED_SWIFT_STANDARD_LIBRARIES = YES;
				BUNDLE_LOADER = "$(TEST_HOST)";
				CODE_SIGN_STYLE = Automatic;
				CURRENT_PROJECT_VERSION = 1;
				DEVELOPMENT_TEAM = 8U3U9YAKAC;
				GENERATE_INFOPLIST_FILE = YES;
				IPHONEOS_DEPLOYMENT_TARGET = 17.0;
				MARKETING_VERSION = 1.0;
				PRODUCT_BUNDLE_IDENTIFIER = com.br.fst.AfricaGameTests;
				PRODUCT_NAME = "$(TARGET_NAME)";
				SWIFT_EMIT_LOC_STRINGS = NO;
				SWIFT_VERSION = 5.0;
				TARGETED_DEVICE_FAMILY = "1,2";
				TEST_HOST = "$(BUILT_PRODUCTS_DIR)/AfricaGame.app/$(BUNDLE_EXECUTABLE_FOLDER_PATH)/AfricaGame";
			};
			name = Debug;
		};
		0B67A8B22BBA3C3F003A7D91 /* Release */ = {
			isa = XCBuildConfiguration;
			buildSettings = {
				ALWAYS_EMBED_SWIFT_STANDARD_LIBRARIES = YES;
				BUNDLE_LOADER = "$(TEST_HOST)";
				CODE_SIGN_STYLE = Automatic;
				CURRENT_PROJECT_VERSION = 1;
				DEVELOPMENT_TEAM = 8U3U9YAKAC;
				GENERATE_INFOPLIST_FILE = YES;
				IPHONEOS_DEPLOYMENT_TARGET = 17.0;
				MARKETING_VERSION = 1.0;
				PRODUCT_BUNDLE_IDENTIFIER = com.br.fst.AfricaGameTests;
				PRODUCT_NAME = "$(TARGET_NAME)";
				SWIFT_EMIT_LOC_STRINGS = NO;
				SWIFT_VERSION = 5.0;
				TARGETED_DEVICE_FAMILY = "1,2";
				TEST_HOST = "$(BUILT_PRODUCTS_DIR)/AfricaGame.app/$(BUNDLE_EXECUTABLE_FOLDER_PATH)/AfricaGame";
			};
			name = Release;
		};
		0B67A8B42BBA3C3F003A7D91 /* Debug */ = {
			isa = XCBuildConfiguration;
			buildSettings = {
				ALWAYS_EMBED_SWIFT_STANDARD_LIBRARIES = YES;
				CODE_SIGN_STYLE = Automatic;
				CURRENT_PROJECT_VERSION = 1;
				DEVELOPMENT_TEAM = 8U3U9YAKAC;
				GENERATE_INFOPLIST_FILE = YES;
				MARKETING_VERSION = 1.0;
				PRODUCT_BUNDLE_IDENTIFIER = com.br.fst.AfricaGameUITests;
				PRODUCT_NAME = "$(TARGET_NAME)";
				SWIFT_EMIT_LOC_STRINGS = NO;
				SWIFT_VERSION = 5.0;
				TARGETED_DEVICE_FAMILY = "1,2";
				TEST_TARGET_NAME = AfricaGame;
			};
			name = Debug;
		};
		0B67A8B52BBA3C3F003A7D91 /* Release */ = {
			isa = XCBuildConfiguration;
			buildSettings = {
				ALWAYS_EMBED_SWIFT_STANDARD_LIBRARIES = YES;
				CODE_SIGN_STYLE = Automatic;
				CURRENT_PROJECT_VERSION = 1;
				DEVELOPMENT_TEAM = 8U3U9YAKAC;
				GENERATE_INFOPLIST_FILE = YES;
				MARKETING_VERSION = 1.0;
				PRODUCT_BUNDLE_IDENTIFIER = com.br.fst.AfricaGameUITests;
				PRODUCT_NAME = "$(TARGET_NAME)";
				SWIFT_EMIT_LOC_STRINGS = NO;
				SWIFT_VERSION = 5.0;
				TARGETED_DEVICE_FAMILY = "1,2";
				TEST_TARGET_NAME = AfricaGame;
			};
			name = Release;
		};
/* End XCBuildConfiguration section */

/* Begin XCConfigurationList section */
		0B67A8822BBA3C3D003A7D91 /* Build configuration list for PBXProject "AfricaGame" */ = {
			isa = XCConfigurationList;
			buildConfigurations = (
				0B67A8AB2BBA3C3F003A7D91 /* Debug */,
				0B67A8AC2BBA3C3F003A7D91 /* Release */,
			);
			defaultConfigurationIsVisible = 0;
			defaultConfigurationName = Release;
		};
		0B67A8AD2BBA3C3F003A7D91 /* Build configuration list for PBXNativeTarget "AfricaGame" */ = {
			isa = XCConfigurationList;
			buildConfigurations = (
				0B67A8AE2BBA3C3F003A7D91 /* Debug */,
				0B67A8AF2BBA3C3F003A7D91 /* Release */,
			);
			defaultConfigurationIsVisible = 0;
			defaultConfigurationName = Release;
		};
		0B67A8B02BBA3C3F003A7D91 /* Build configuration list for PBXNativeTarget "AfricaGameTests" */ = {
			isa = XCConfigurationList;
			buildConfigurations = (
				0B67A8B12BBA3C3F003A7D91 /* Debug */,
				0B67A8B22BBA3C3F003A7D91 /* Release */,
			);
			defaultConfigurationIsVisible = 0;
			defaultConfigurationName = Release;
		};
		0B67A8B32BBA3C3F003A7D91 /* Build configuration list for PBXNativeTarget "AfricaGameUITests" */ = {
			isa = XCConfigurationList;
			buildConfigurations = (
				0B67A8B42BBA3C3F003A7D91 /* Debug */,
				0B67A8B52BBA3C3F003A7D91 /* Release */,
			);
			defaultConfigurationIsVisible = 0;
			defaultConfigurationName = Release;
		};
/* End XCConfigurationList section */
	};
	rootObject = 0B67A87F2BBA3C3D003A7D91 /* Project object */;
}
